
Microsoft Visual Studio Solution File, Format Version 12.00
# Visual Studio Version 17
VisualStudioVersion = 17.11.35431.28
MinimumVisualStudioVersion = 10.0.40219.1
Project("{FAE04EC0-301F-11D3-BF4B-00C04F79EFBC}") = "API", "API.csproj", "{31C2ADD0-1425-4505-9E54-536C75C0AD1E}"
EndProject
Global
	GlobalSection(SolutionConfigurationPlatforms) = preSolution
		Debug|Any CPU = Debug|Any CPU
		Release|Any CPU = Release|Any CPU
	EndGlobalSection
	GlobalSection(ProjectConfigurationPlatforms) = postSolution
		{31C2ADD0-1425-4505-9E54-536C75C0AD1E}.Debug|Any CPU.ActiveCfg = Debug|Any CPU
		{31C2ADD0-1425-4505-9E54-536C75C0AD1E}.Debug|Any CPU.Build.0 = Debug|Any CPU
		{31C2ADD0-1425-4505-9E54-536C75C0AD1E}.Release|Any CPU.ActiveCfg = Release|Any CPU
		{31C2ADD0-1425-4505-9E54-536C75C0AD1E}.Release|Any CPU.Build.0 = Release|Any CPU
	EndGlobalSection
	GlobalSection(SolutionProperties) = preSolution
		HideSolutionNode = FALSE
	EndGlobalSection
	GlobalSection(ExtensibilityGlobals) = postSolution
		SolutionGuid = {B59B9224-B0C9-468B-946A-96704CD5E9BD}
	EndGlobalSection
EndGlobal
